
Microsoft Visual Studio Solution File, Format Version 12.00
# Visual Studio Express 2012 for Web
Project("{FAE04EC0-301F-11D3-BF4B-00C04F79EFBC}") = "TestComplete", "TestComplete\TestComplete.csproj", "{D98AF6A5-8621-4973-921D-D18623E6993E}"
EndProject
Project("{FAE04EC0-301F-11D3-BF4B-00C04F79EFBC}") = "TestComplete.Tests", "TestComplete.Tests\TestComplete.Tests.csproj", "{80340B99-F06C-4B87-B026-5C2C5CE087C6}"
EndProject
Project("{FAE04EC0-301F-11D3-BF4B-00C04F79EFBC}") = "TestComplete.Data", "TestComplete.Data\TestComplete.Data.csproj", "{356A5245-B03C-496F-B4B1-00F0E28C8F50}"
EndProject
Global
	GlobalSection(SolutionConfigurationPlatforms) = preSolution
		Debug|Any CPU = Debug|Any CPU
		Release|Any CPU = Release|Any CPU
	EndGlobalSection
	GlobalSection(ProjectConfigurationPlatforms) = postSolution
		{D98AF6A5-8621-4973-921D-D18623E6993E}.Debug|Any CPU.ActiveCfg = Debug|Any CPU
		{D98AF6A5-8621-4973-921D-D18623E6993E}.Debug|Any CPU.Build.0 = Debug|Any CPU
		{D98AF6A5-8621-4973-921D-D18623E6993E}.Release|Any CPU.ActiveCfg = Release|Any CPU
		{D98AF6A5-8621-4973-921D-D18623E6993E}.Release|Any CPU.Build.0 = Release|Any CPU
		{80340B99-F06C-4B87-B026-5C2C5CE087C6}.Debug|Any CPU.ActiveCfg = Debug|Any CPU
		{80340B99-F06C-4B87-B026-5C2C5CE087C6}.Debug|Any CPU.Build.0 = Debug|Any CPU
		{80340B99-F06C-4B87-B026-5C2C5CE087C6}.Release|Any CPU.ActiveCfg = Release|Any CPU
		{80340B99-F06C-4B87-B026-5C2C5CE087C6}.Release|Any CPU.Build.0 = Release|Any CPU
		{356A5245-B03C-496F-B4B1-00F0E28C8F50}.Debug|Any CPU.ActiveCfg = Debug|Any CPU
		{356A5245-B03C-496F-B4B1-00F0E28C8F50}.Debug|Any CPU.Build.0 = Debug|Any CPU
		{356A5245-B03C-496F-B4B1-00F0E28C8F50}.Release|Any CPU.ActiveCfg = Release|Any CPU
		{356A5245-B03C-496F-B4B1-00F0E28C8F50}.Release|Any CPU.Build.0 = Release|Any CPU
	EndGlobalSection
	GlobalSection(SolutionProperties) = preSolution
		HideSolutionNode = FALSE
	EndGlobalSection
EndGlobal
